
Microsoft Visual Studio Solution File, Format Version 12.00
# Visual Studio Version 17
VisualStudioVersion = 17.8.34322.80
MinimumVisualStudioVersion = 10.0.40219.1
Project("{9A19103F-16F7-4668-BE54-9A1E7A4F7556}") = "DevRhythm.Web", "src\DevRhythm.Web\DevRhythm.Web.csproj", "{9B11A3F3-4B4B-4D60-AA74-2DCDF4C961D3}"
EndProject
Project("{9A19103F-16F7-4668-BE54-9A1E7A4F7556}") = "DevRhythm.Core", "src\DevRhythm.Core\DevRhythm.Core.csproj", "{8E113035-7F22-412A-A518-5826CF181E15}"
EndProject
Project("{9A19103F-16F7-4668-BE54-9A1E7A4F7556}") = "DevRhythm.Infrastructure", "src\DevRhythm.Infrastructure\DevRhythm.Infrastructure.csproj", "{A71CE9E6-6944-4B4A-B4E1-9A4DF1E4F6F6}"
EndProject
Project("{FAE04EC0-301F-11D3-BF4B-00C04F79EFBC}") = "DevRhythm.App", "src\DevRhythm.App\DevRhythm.App.csproj", "{86EBB1F9-9C70-4367-971E-1C05BE7005C2}"
EndProject
Project("{FAE04EC0-301F-11D3-BF4B-00C04F79EFBC}") = "DevRhythm.Shared", "src\DevRhythm.Shared\DevRhythm.Shared.csproj", "{18FD4D71-5CA8-409D-9949-39E3FCFBB707}"
EndProject
Global
	GlobalSection(SolutionConfigurationPlatforms) = preSolution
		Debug|Any CPU = Debug|Any CPU
		Release|Any CPU = Release|Any CPU
	EndGlobalSection
	GlobalSection(ProjectConfigurationPlatforms) = postSolution
		{9B11A3F3-4B4B-4D60-AA74-2DCDF4C961D3}.Debug|Any CPU.ActiveCfg = Debug|Any CPU
		{9B11A3F3-4B4B-4D60-AA74-2DCDF4C961D3}.Debug|Any CPU.Build.0 = Debug|Any CPU
		{9B11A3F3-4B4B-4D60-AA74-2DCDF4C961D3}.Release|Any CPU.ActiveCfg = Release|Any CPU
		{9B11A3F3-4B4B-4D60-AA74-2DCDF4C961D3}.Release|Any CPU.Build.0 = Release|Any CPU
		{8E113035-7F22-412A-A518-5826CF181E15}.Debug|Any CPU.ActiveCfg = Debug|Any CPU
		{8E113035-7F22-412A-A518-5826CF181E15}.Debug|Any CPU.Build.0 = Debug|Any CPU
		{8E113035-7F22-412A-A518-5826CF181E15}.Release|Any CPU.ActiveCfg = Release|Any CPU
		{8E113035-7F22-412A-A518-5826CF181E15}.Release|Any CPU.Build.0 = Release|Any CPU
		{A71CE9E6-6944-4B4A-B4E1-9A4DF1E4F6F6}.Debug|Any CPU.ActiveCfg = Debug|Any CPU
		{A71CE9E6-6944-4B4A-B4E1-9A4DF1E4F6F6}.Debug|Any CPU.Build.0 = Debug|Any CPU
		{A71CE9E6-6944-4B4A-B4E1-9A4DF1E4F6F6}.Release|Any CPU.ActiveCfg = Release|Any CPU
		{A71CE9E6-6944-4B4A-B4E1-9A4DF1E4F6F6}.Release|Any CPU.Build.0 = Release|Any CPU
		{86EBB1F9-9C70-4367-971E-1C05BE7005C2}.Debug|Any CPU.ActiveCfg = Debug|Any CPU
		{86EBB1F9-9C70-4367-971E-1C05BE7005C2}.Debug|Any CPU.Build.0 = Debug|Any CPU
		{86EBB1F9-9C70-4367-971E-1C05BE7005C2}.Release|Any CPU.ActiveCfg = Release|Any CPU
		{86EBB1F9-9C70-4367-971E-1C05BE7005C2}.Release|Any CPU.Build.0 = Release|Any CPU
		{18FD4D71-5CA8-409D-9949-39E3FCFBB707}.Debug|Any CPU.ActiveCfg = Debug|Any CPU
		{18FD4D71-5CA8-409D-9949-39E3FCFBB707}.Debug|Any CPU.Build.0 = Debug|Any CPU
		{18FD4D71-5CA8-409D-9949-39E3FCFBB707}.Release|Any CPU.ActiveCfg = Release|Any CPU
		{18FD4D71-5CA8-409D-9949-39E3FCFBB707}.Release|Any CPU.Build.0 = Release|Any CPU
	EndGlobalSection
	GlobalSection(SolutionProperties) = preSolution
		HideSolutionNode = FALSE
	EndGlobalSection
	GlobalSection(ExtensibilityGlobals) = postSolution
		SolutionGuid = {02AC0195-5A6B-4868-AD2F-9CB4575ED687}
	EndGlobalSection
EndGlobal
